
Microsoft Visual Studio Solution File, Format Version 12.00
# Visual Studio 2013
VisualStudioVersion = 12.0.21005.1
MinimumVisualStudioVersion = 10.0.40219.1
Project("{FAE04EC0-301F-11D3-BF4B-00C04F79EFBC}") = "WcfServerClient", "WcfServerClient\WcfServerClient.csproj", "{4739259C-EFB5-4F18-87A0-AECDAEDFF85B}"
EndProject
Project("{FAE04EC0-301F-11D3-BF4B-00C04F79EFBC}") = "WcfClient", "WcfClient\WcfClient.csproj", "{456A90E3-936B-4F29-B1AD-840BACC78279}"
EndProject
Global
	GlobalSection(SolutionConfigurationPlatforms) = preSolution
		Debug|Any CPU = Debug|Any CPU
		Release|Any CPU = Release|Any CPU
	EndGlobalSection
	GlobalSection(ProjectConfigurationPlatforms) = postSolution
		{4739259C-EFB5-4F18-87A0-AECDAEDFF85B}.Debug|Any CPU.ActiveCfg = Debug|Any CPU
		{4739259C-EFB5-4F18-87A0-AECDAEDFF85B}.Debug|Any CPU.Build.0 = Debug|Any CPU
		{4739259C-EFB5-4F18-87A0-AECDAEDFF85B}.Release|Any CPU.ActiveCfg = Release|Any CPU
		{4739259C-EFB5-4F18-87A0-AECDAEDFF85B}.Release|Any CPU.Build.0 = Release|Any CPU
		{456A90E3-936B-4F29-B1AD-840BACC78279}.Debug|Any CPU.ActiveCfg = Debug|Any CPU
		{456A90E3-936B-4F29-B1AD-840BACC78279}.Debug|Any CPU.Build.0 = Debug|Any CPU
		{456A90E3-936B-4F29-B1AD-840BACC78279}.Release|Any CPU.ActiveCfg = Release|Any CPU
		{456A90E3-936B-4F29-B1AD-840BACC78279}.Release|Any CPU.Build.0 = Release|Any CPU
	EndGlobalSection
	GlobalSection(SolutionProperties) = preSolution
		HideSolutionNode = FALSE
	EndGlobalSection
EndGlobal
